<?xml version="1.0" encoding="utf-8"?>
<Project ToolsVersion="17.0" xmlns="http://schemas.microsoft.com/developer/msbuild/2003">
  <ItemGroup>
    <CustomBuild Include="C:\Users\William\Desktop\SCHOOL\leetcode\evtol-sim\evotl-sim-thp\CMakeFiles\4650ffb7176010d1e03e601fcb23274d\RUN_TESTS_force.rule">
      <Filter>CMake Rules</Filter>
    </CustomBuild>
  </ItemGroup>
  <ItemGroup>
    <Filter Include="CMake Rules">
      <UniqueIdentifier>{62DB53A4-D2DD-3FDE-8526-0F58A0894C31}</UniqueIdentifier>
    </Filter>
  </ItemGroup>
</Project>
